{
    "_meta": {
        "hash": {
            "sha256": "b6dc6f90e7bd16dc67e7d37c0a77efbbfd40cd9e9e0dd2af152573de05fa3f1c"
        },
        "pipfile-spec": 6,
        "requires": {
            "python_version": "3.10"
        },
        "sources": [
            {
                "name": "pypi",
                "url": "https://pypi.org/simple",
                "verify_ssl": true
            }
        ]
    },
    "default": {
        "pyglet": {
            "hashes": [
                "sha256:68bff532226b0e8f54dfcc2f6df7d0e463b451fae97fe9fa4af4131d34afbc00",
                "sha256:ea312a553c266a0f45a9c209f565e3c02371c83d89fd8931422c6475ce4ecbae"
            ],
            "index": "pypi",
            "version": "==1.5.28"
        }
    },
    "develop": {}
}
